// !$*UTF8*$!
{
	archiveVersion = 1;
	classes = {
	};
	objectVersion = 56;
	objects = {

/* Begin PBXBuildFile section */
		6BA3F5672ABCC66100962DA6 /* AppDelegate.swift in Sources */ = {isa = PBXBuildFile; fileRef = 6BA3F5662ABCC66100962DA6 /* AppDelegate.swift */; };
		6BA3F5692ABCC66100962DA6 /* SceneDelegate.swift in Sources */ = {isa = PBXBuildFile; fileRef = 6BA3F5682ABCC66100962DA6 /* SceneDelegate.swift */; };
		6BA3F56B2ABCC66100962DA6 /* ViewController.swift in Sources */ = {isa = PBXBuildFile; fileRef = 6BA3F56A2ABCC66100962DA6 /* ViewController.swift */; };
		6BA3F56E2ABCC66100962DA6 /* Main.storyboard in Resources */ = {isa = PBXBuildFile; fileRef = 6BA3F56C2ABCC66100962DA6 /* Main.storyboard */; };
		6BA3F5702ABCC66200962DA6 /* Assets.xcassets in Resources */ = {isa = PBXBuildFile; fileRef = 6BA3F56F2ABCC66200962DA6 /* Assets.xcassets */; };
		6BA3F5732ABCC66200962DA6 /* LaunchScreen.storyboard in Resources */ = {isa = PBXBuildFile; fileRef = 6BA3F5712ABCC66200962DA6 /* LaunchScreen.storyboard */; };
		6BA3F57E2ABCC66200962DA6 /* discountappTests.swift in Sources */ = {isa = PBXBuildFile; fileRef = 6BA3F57D2ABCC66200962DA6 /* discountappTests.swift */; };
		6BA3F5882ABCC66200962DA6 /* discountappUITests.swift in Sources */ = {isa = PBXBuildFile; fileRef = 6BA3F5872ABCC66200962DA6 /* discountappUITests.swift */; };
		6BA3F58A2ABCC66200962DA6 /* discountappUITestsLaunchTests.swift in Sources */ = {isa = PBXBuildFile; fileRef = 6BA3F5892ABCC66200962DA6 /* discountappUITestsLaunchTests.swift */; };
/* End PBXBuildFile section */

/* Begin PBXContainerItemProxy section */
		6BA3F57A2ABCC66200962DA6 /* PBXContainerItemProxy */ = {
			isa = PBXContainerItemProxy;
			containerPortal = 6BA3F55B2ABCC66100962DA6 /* Project object */;
			proxyType = 1;
			remoteGlobalIDString = 6BA3F5622ABCC66100962DA6;
			remoteInfo = discountapp;
		};
		6BA3F5842ABCC66200962DA6 /* PBXContainerItemProxy */ = {
			isa = PBXContainerItemProxy;
			containerPortal = 6BA3F55B2ABCC66100962DA6 /* Project object */;
			proxyType = 1;
			remoteGlobalIDString = 6BA3F5622ABCC66100962DA6;
			remoteInfo = discountapp;
		};
/* End PBXContainerItemProxy section */

/* Begin PBXFileReference section */
		6BA3F5632ABCC66100962DA6 /* discountapp.app */ = {isa = PBXFileReference; explicitFileType = wrapper.application; includeInIndex = 0; path = discountapp.app; sourceTree = BUILT_PRODUCTS_DIR; };
		6BA3F5662ABCC66100962DA6 /* AppDelegate.swift */ = {isa = PBXFileReference; lastKnownFileType = sourcecode.swift; path = AppDelegate.swift; sourceTree = "<group>"; };
		6BA3F5682ABCC66100962DA6 /* SceneDelegate.swift */ = {isa = PBXFileReference; lastKnownFileType = sourcecode.swift; path = SceneDelegate.swift; sourceTree = "<group>"; };
		6BA3F56A2ABCC66100962DA6 /* ViewController.swift */ = {isa = PBXFileReference; lastKnownFileType = sourcecode.swift; path = ViewController.swift; sourceTree = "<group>"; };
		6BA3F56D2ABCC66100962DA6 /* Base */ = {isa = PBXFileReference; lastKnownFileType = file.storyboard; name = Base; path = Base.lproj/Main.storyboard; sourceTree = "<group>"; };
		6BA3F56F2ABCC66200962DA6 /* Assets.xcassets */ = {isa = PBXFileReference; lastKnownFileType = folder.assetcatalog; path = Assets.xcassets; sourceTree = "<group>"; };
		6BA3F5722ABCC66200962DA6 /* Base */ = {isa = PBXFileReference; lastKnownFileType = file.storyboard; name = Base; path = Base.lproj/LaunchScreen.storyboard; sourceTree = "<group>"; };
		6BA3F5742ABCC66200962DA6 /* Info.plist */ = {isa = PBXFileReference; lastKnownFileType = text.plist.xml; path = Info.plist; sourceTree = "<group>"; };
		6BA3F5792ABCC66200962DA6 /* discountappTests.xctest */ = {isa = PBXFileReference; explicitFileType = wrapper.cfbundle; includeInIndex = 0; path = discountappTests.xctest; sourceTree = BUILT_PRODUCTS_DIR; };
		6BA3F57D2ABCC66200962DA6 /* discountappTests.swift */ = {isa = PBXFileReference; lastKnownFileType = sourcecode.swift; path = discountappTests.swift; sourceTree = "<group>"; };
		6BA3F5832ABCC66200962DA6 /* discountappUITests.xctest */ = {isa = PBXFileReference; explicitFileType = wrapper.cfbundle; includeInIndex = 0; path = discountappUITests.xctest; sourceTree = BUILT_PRODUCTS_DIR; };
		6BA3F5872ABCC66200962DA6 /* discountappUITests.swift */ = {isa = PBXFileReference; lastKnownFileType = sourcecode.swift; path = discountappUITests.swift; sourceTree = "<group>"; };
		6BA3F5892ABCC66200962DA6 /* discountappUITestsLaunchTests.swift */ = {isa = PBXFileReference; lastKnownFileType = sourcecode.swift; path = discountappUITestsLaunchTests.swift; sourceTree = "<group>"; };
/* End PBXFileReference section */

/* Begin PBXFrameworksBuildPhase section */
		6BA3F5602ABCC66100962DA6 /* Frameworks */ = {
			isa = PBXFrameworksBuildPhase;
			buildActionMask = 2147483647;
			files = (
			);
			runOnlyForDeploymentPostprocessing = 0;
		};
		6BA3F5762ABCC66200962DA6 /* Frameworks */ = {
			isa = PBXFrameworksBuildPhase;
			buildActionMask = 2147483647;
			files = (
			);
			runOnlyForDeploymentPostprocessing = 0;
		};
		6BA3F5802ABCC66200962DA6 /* Frameworks */ = {
			isa = PBXFrameworksBuildPhase;
			buildActionMask = 2147483647;
			files = (
			);
			runOnlyForDeploymentPostprocessing = 0;
		};
/* End PBXFrameworksBuildPhase section */

/* Begin PBXGroup section */
		6BA3F55A2ABCC66100962DA6 = {
			isa = PBXGroup;
			children = (
				6BA3F5652ABCC66100962DA6 /* discountapp */,
				6BA3F57C2ABCC66200962DA6 /* discountappTests */,
				6BA3F5862ABCC66200962DA6 /* discountappUITests */,
				6BA3F5642ABCC66100962DA6 /* Products */,
			);
			sourceTree = "<group>";
		};
		6BA3F5642ABCC66100962DA6 /* Products */ = {
			isa = PBXGroup;
			children = (
				6BA3F5632ABCC66100962DA6 /* discountapp.app */,
				6BA3F5792ABCC66200962DA6 /* discountappTests.xctest */,
				6BA3F5832ABCC66200962DA6 /* discountappUITests.xctest */,
			);
			name = Products;
			sourceTree = "<group>";
		};
		6BA3F5652ABCC66100962DA6 /* discountapp */ = {
			isa = PBXGroup;
			children = (
				6BA3F5662ABCC66100962DA6 /* AppDelegate.swift */,
				6BA3F5682ABCC66100962DA6 /* SceneDelegate.swift */,
				6BA3F56A2ABCC66100962DA6 /* ViewController.swift */,
				6BA3F56C2ABCC66100962DA6 /* Main.storyboard */,
				6BA3F56F2ABCC66200962DA6 /* Assets.xcassets */,
				6BA3F5712ABCC66200962DA6 /* LaunchScreen.storyboard */,
				6BA3F5742ABCC66200962DA6 /* Info.plist */,
			);
			path = discountapp;
			sourceTree = "<group>";
		};
		6BA3F57C2ABCC66200962DA6 /* discountappTests */ = {
			isa = PBXGroup;
			children = (
				6BA3F57D2ABCC66200962DA6 /* discountappTests.swift */,
			);
			path = discountappTests;
			sourceTree = "<group>";
		};
		6BA3F5862ABCC66200962DA6 /* discountappUITests */ = {
			isa = PBXGroup;
			children = (
				6BA3F5872ABCC66200962DA6 /* discountappUITests.swift */,
				6BA3F5892ABCC66200962DA6 /* discountappUITestsLaunchTests.swift */,
			);
			path = discountappUITests;
			sourceTree = "<group>";
		};
/* End PBXGroup section */

/* Begin PBXNativeTarget section */
		6BA3F5622ABCC66100962DA6 /* discountapp */ = {
			isa = PBXNativeTarget;
			buildConfigurationList = 6BA3F58D2ABCC66200962DA6 /* Build configuration list for PBXNativeTarget "discountapp" */;
			buildPhases = (
				6BA3F55F2ABCC66100962DA6 /* Sources */,
				6BA3F5602ABCC66100962DA6 /* Frameworks */,
				6BA3F5612ABCC66100962DA6 /* Resources */,
			);
			buildRules = (
			);
			dependencies = (
			);
			name = discountapp;
			productName = discountapp;
			productReference = 6BA3F5632ABCC66100962DA6 /* discountapp.app */;
			productType = "com.apple.product-type.application";
		};
		6BA3F5782ABCC66200962DA6 /* discountappTests */ = {
			isa = PBXNativeTarget;
			buildConfigurationList = 6BA3F5902ABCC66200962DA6 /* Build configuration list for PBXNativeTarget "discountappTests" */;
			buildPhases = (
				6BA3F5752ABCC66200962DA6 /* Sources */,
				6BA3F5762ABCC66200962DA6 /* Frameworks */,
				6BA3F5772ABCC66200962DA6 /* Resources */,
			);
			buildRules = (
			);
			dependencies = (
				6BA3F57B2ABCC66200962DA6 /* PBXTargetDependency */,
			);
			name = discountappTests;
			productName = discountappTests;
			productReference = 6BA3F5792ABCC66200962DA6 /* discountappTests.xctest */;
			productType = "com.apple.product-type.bundle.unit-test";
		};
		6BA3F5822ABCC66200962DA6 /* discountappUITests */ = {
			isa = PBXNativeTarget;
			buildConfigurationList = 6BA3F5932ABCC66200962DA6 /* Build configuration list for PBXNativeTarget "discountappUITests" */;
			buildPhases = (
				6BA3F57F2ABCC66200962DA6 /* Sources */,
				6BA3F5802ABCC66200962DA6 /* Frameworks */,
				6BA3F5812ABCC66200962DA6 /* Resources */,
			);
			buildRules = (
			);
			dependencies = (
				6BA3F5852ABCC66200962DA6 /* PBXTargetDependency */,
			);
			name = discountappUITests;
			productName = discountappUITests;
			productReference = 6BA3F5832ABCC66200962DA6 /* discountappUITests.xctest */;
			productType = "com.apple.product-type.bundle.ui-testing";
		};
/* End PBXNativeTarget section */

/* Begin PBXProject section */
		6BA3F55B2ABCC66100962DA6 /* Project object */ = {
			isa = PBXProject;
			attributes = {
				BuildIndependentTargetsInParallel = 1;
				LastSwiftUpdateCheck = 1430;
				LastUpgradeCheck = 1430;
				TargetAttributes = {
					6BA3F5622ABCC66100962DA6 = {
						CreatedOnToolsVersion = 14.3.1;
					};
					6BA3F5782ABCC66200962DA6 = {
						CreatedOnToolsVersion = 14.3.1;
						TestTargetID = 6BA3F5622ABCC66100962DA6;
					};
					6BA3F5822ABCC66200962DA6 = {
						CreatedOnToolsVersion = 14.3.1;
						TestTargetID = 6BA3F5622ABCC66100962DA6;
					};
				};
			};
			buildConfigurationList = 6BA3F55E2ABCC66100962DA6 /* Build configuration list for PBXProject "discountapp" */;
			compatibilityVersion = "Xcode 14.0";
			developmentRegion = en;
			hasScannedForEncodings = 0;
			knownRegions = (
				en,
				Base,
			);
			mainGroup = 6BA3F55A2ABCC66100962DA6;
			productRefGroup = 6BA3F5642ABCC66100962DA6 /* Products */;
			projectDirPath = "";
			projectRoot = "";
			targets = (
				6BA3F5622ABCC66100962DA6 /* discountapp */,
				6BA3F5782ABCC66200962DA6 /* discountappTests */,
				6BA3F5822ABCC66200962DA6 /* discountappUITests */,
			);
		};
/* End PBXProject section */

/* Begin PBXResourcesBuildPhase section */
		6BA3F5612ABCC66100962DA6 /* Resources */ = {
			isa = PBXResourcesBuildPhase;
			buildActionMask = 2147483647;
			files = (
				6BA3F5732ABCC66200962DA6 /* LaunchScreen.storyboard in Resources */,
				6BA3F5702ABCC66200962DA6 /* Assets.xcassets in Resources */,
				6BA3F56E2ABCC66100962DA6 /* Main.storyboard in Resources */,
			);
			runOnlyForDeploymentPostprocessing = 0;
		};
		6BA3F5772ABCC66200962DA6 /* Resources */ = {
			isa = PBXResourcesBuildPhase;
			buildActionMask = 2147483647;
			files = (
			);
			runOnlyForDeploymentPostprocessing = 0;
		};
		6BA3F5812ABCC66200962DA6 /* Resources */ = {
			isa = PBXResourcesBuildPhase;
			buildActionMask = 2147483647;
			files = (
			);
			runOnlyForDeploymentPostprocessing = 0;
		};
/* End PBXResourcesBuildPhase section */

/* Begin PBXSourcesBuildPhase section */
		6BA3F55F2ABCC66100962DA6 /* Sources */ = {
			isa = PBXSourcesBuildPhase;
			buildActionMask = 2147483647;
			files = (
				6BA3F56B2ABCC66100962DA6 /* ViewController.swift in Sources */,
				6BA3F5672ABCC66100962DA6 /* AppDelegate.swift in Sources */,
				6BA3F5692ABCC66100962DA6 /* SceneDelegate.swift in Sources */,
			);
			runOnlyForDeploymentPostprocessing = 0;
		};
		6BA3F5752ABCC66200962DA6 /* Sources */ = {
			isa = PBXSourcesBuildPhase;
			buildActionMask = 2147483647;
			files = (
				6BA3F57E2ABCC66200962DA6 /* discountappTests.swift in Sources */,
			);
			runOnlyForDeploymentPostprocessing = 0;
		};
		6BA3F57F2ABCC66200962DA6 /* Sources */ = {
			isa = PBXSourcesBuildPhase;
			buildActionMask = 2147483647;
			files = (
				6BA3F5882ABCC66200962DA6 /* discountappUITests.swift in Sources */,
				6BA3F58A2ABCC66200962DA6 /* discountappUITestsLaunchTests.swift in Sources */,
			);
			runOnlyForDeploymentPostprocessing = 0;
		};
/* End PBXSourcesBuildPhase section */

/* Begin PBXTargetDependency section */
		6BA3F57B2ABCC66200962DA6 /* PBXTargetDependency */ = {
			isa = PBXTargetDependency;
			target = 6BA3F5622ABCC66100962DA6 /* discountapp */;
			targetProxy = 6BA3F57A2ABCC66200962DA6 /* PBXContainerItemProxy */;
		};
		6BA3F5852ABCC66200962DA6 /* PBXTargetDependency */ = {
			isa = PBXTargetDependency;
			target = 6BA3F5622ABCC66100962DA6 /* discountapp */;
			targetProxy = 6BA3F5842ABCC66200962DA6 /* PBXContainerItemProxy */;
		};
/* End PBXTargetDependency section */

/* Begin PBXVariantGroup section */
		6BA3F56C2ABCC66100962DA6 /* Main.storyboard */ = {
			isa = PBXVariantGroup;
			children = (
				6BA3F56D2ABCC66100962DA6 /* Base */,
			);
			name = Main.storyboard;
			sourceTree = "<group>";
		};
		6BA3F5712ABCC66200962DA6 /* LaunchScreen.storyboard */ = {
			isa = PBXVariantGroup;
			children = (
				6BA3F5722ABCC66200962DA6 /* Base */,
			);
			name = LaunchScreen.storyboard;
			sourceTree = "<group>";
		};
/* End PBXVariantGroup section */

/* Begin XCBuildConfiguration section */
		6BA3F58B2ABCC66200962DA6 /* Debug */ = {
			isa = XCBuildConfiguration;
			buildSettings = {
				ALWAYS_SEARCH_USER_PATHS = NO;
				CLANG_ANALYZER_NONNULL = YES;
				CLANG_ANALYZER_NUMBER_OBJECT_CONVERSION = YES_AGGRESSIVE;
				CLANG_CXX_LANGUAGE_STANDARD = "gnu++20";
				CLANG_ENABLE_MODULES = YES;
				CLANG_ENABLE_OBJC_ARC = YES;
				CLANG_ENABLE_OBJC_WEAK = YES;
				CLANG_WARN_BLOCK_CAPTURE_AUTORELEASING = YES;
				CLANG_WARN_BOOL_CONVERSION = YES;
				CLANG_WARN_COMMA = YES;
				CLANG_WARN_CONSTANT_CONVERSION = YES;
				CLANG_WARN_DEPRECATED_OBJC_IMPLEMENTATIONS = YES;
				CLANG_WARN_DIRECT_OBJC_ISA_USAGE = YES_ERROR;
				CLANG_WARN_DOCUMENTATION_COMMENTS = YES;
				CLANG_WARN_EMPTY_BODY = YES;
				CLANG_WARN_ENUM_CONVERSION = YES;
				CLANG_WARN_INFINITE_RECURSION = YES;
				CLANG_WARN_INT_CONVERSION = YES;
				CLANG_WARN_NON_LITERAL_NULL_CONVERSION = YES;
				CLANG_WARN_OBJC_IMPLICIT_RETAIN_SELF = YES;
				CLANG_WARN_OBJC_LITERAL_CONVERSION = YES;
				CLANG_WARN_OBJC_ROOT_CLASS = YES_ERROR;
				CLANG_WARN_QUOTED_INCLUDE_IN_FRAMEWORK_HEADER = YES;
				CLANG_WARN_RANGE_LOOP_ANALYSIS = YES;
				CLANG_WARN_STRICT_PROTOTYPES = YES;
				CLANG_WARN_SUSPICIOUS_MOVE = YES;
				CLANG_WARN_UNGUARDED_AVAILABILITY = YES_AGGRESSIVE;
				CLANG_WARN_UNREACHABLE_CODE = YES;
				CLANG_WARN__DUPLICATE_METHOD_MATCH = YES;
				COPY_PHASE_STRIP = NO;
				DEBUG_INFORMATION_FORMAT = dwarf;
				ENABLE_STRICT_OBJC_MSGSEND = YES;
				ENABLE_TESTABILITY = YES;
				GCC_C_LANGUAGE_STANDARD = gnu11;
				GCC_DYNAMIC_NO_PIC = NO;
				GCC_NO_COMMON_BLOCKS = YES;
				GCC_OPTIMIZATION_LEVEL = 0;
				GCC_PREPROCESSOR_DEFINITIONS = (
					"DEBUG=1",
					"$(inherited)",
				);
				GCC_WARN_64_TO_32_BIT_CONVERSION = YES;
				GCC_WARN_ABOUT_RETURN_TYPE = YES_ERROR;
				GCC_WARN_UNDECLARED_SELECTOR = YES;
				GCC_WARN_UNINITIALIZED_AUTOS = YES_AGGRESSIVE;
				GCC_WARN_UNUSED_FUNCTION = YES;
				GCC_WARN_UNUSED_VARIABLE = YES;
				IPHONEOS_DEPLOYMENT_TARGET = 16.4;
				MTL_ENABLE_DEBUG_INFO = INCLUDE_SOURCE;
				MTL_FAST_MATH = YES;
				ONLY_ACTIVE_ARCH = YES;
				SDKROOT = iphoneos;
				SWIFT_ACTIVE_COMPILATION_CONDITIONS = DEBUG;
				SWIFT_OPTIMIZATION_LEVEL = "-Onone";
			};
			name = Debug;
		};
		6BA3F58C2ABCC66200962DA6 /* Release */ = {
			isa = XCBuildConfiguration;
			buildSettings = {
				ALWAYS_SEARCH_USER_PATHS = NO;
				CLANG_ANALYZER_NONNULL = YES;
				CLANG_ANALYZER_NUMBER_OBJECT_CONVERSION = YES_AGGRESSIVE;
				CLANG_CXX_LANGUAGE_STANDARD = "gnu++20";
				CLANG_ENABLE_MODULES = YES;
				CLANG_ENABLE_OBJC_ARC = YES;
				CLANG_ENABLE_OBJC_WEAK = YES;
				CLANG_WARN_BLOCK_CAPTURE_AUTORELEASING = YES;
				CLANG_WARN_BOOL_CONVERSION = YES;
				CLANG_WARN_COMMA = YES;
				CLANG_WARN_CONSTANT_CONVERSION = YES;
				CLANG_WARN_DEPRECATED_OBJC_IMPLEMENTATIONS = YES;
				CLANG_WARN_DIRECT_OBJC_ISA_USAGE = YES_ERROR;
				CLANG_WARN_DOCUMENTATION_COMMENTS = YES;
				CLANG_WARN_EMPTY_BODY = YES;
				CLANG_WARN_ENUM_CONVERSION = YES;
				CLANG_WARN_INFINITE_RECURSION = YES;
				CLANG_WARN_INT_CONVERSION = YES;
				CLANG_WARN_NON_LITERAL_NULL_CONVERSION = YES;
				CLANG_WARN_OBJC_IMPLICIT_RETAIN_SELF = YES;
				CLANG_WARN_OBJC_LITERAL_CONVERSION = YES;
				CLANG_WARN_OBJC_ROOT_CLASS = YES_ERROR;
				CLANG_WARN_QUOTED_INCLUDE_IN_FRAMEWORK_HEADER = YES;
				CLANG_WARN_RANGE_LOOP_ANALYSIS = YES;
				CLANG_WARN_STRICT_PROTOTYPES = YES;
				CLANG_WARN_SUSPICIOUS_MOVE = YES;
				CLANG_WARN_UNGUARDED_AVAILABILITY = YES_AGGRESSIVE;
				CLANG_WARN_UNREACHABLE_CODE = YES;
				CLANG_WARN__DUPLICATE_METHOD_MATCH = YES;
				COPY_PHASE_STRIP = NO;
				DEBUG_INFORMATION_FORMAT = "dwarf-with-dsym";
				ENABLE_NS_ASSERTIONS = NO;
				ENABLE_STRICT_OBJC_MSGSEND = YES;
				GCC_C_LANGUAGE_STANDARD = gnu11;
				GCC_NO_COMMON_BLOCKS = YES;
				GCC_WARN_64_TO_32_BIT_CONVERSION = YES;
				GCC_WARN_ABOUT_RETURN_TYPE = YES_ERROR;
				GCC_WARN_UNDECLARED_SELECTOR = YES;
				GCC_WARN_UNINITIALIZED_AUTOS = YES_AGGRESSIVE;
				GCC_WARN_UNUSED_FUNCTION = YES;
				GCC_WARN_UNUSED_VARIABLE = YES;
				IPHONEOS_DEPLOYMENT_TARGET = 16.4;
				MTL_ENABLE_DEBUG_INFO = NO;
				MTL_FAST_MATH = YES;
				SDKROOT = iphoneos;
				SWIFT_COMPILATION_MODE = wholemodule;
				SWIFT_OPTIMIZATION_LEVEL = "-O";
				VALIDATE_PRODUCT = YES;
			};
			name = Release;
		};
		6BA3F58E2ABCC66200962DA6 /* Debug */ = {
			isa = XCBuildConfiguration;
			buildSettings = {
				ASSETCATALOG_COMPILER_APPICON_NAME = AppIcon;
				ASSETCATALOG_COMPILER_GLOBAL_ACCENT_COLOR_NAME = AccentColor;
				CODE_SIGN_STYLE = Automatic;
				CURRENT_PROJECT_VERSION = 1;
				GENERATE_INFOPLIST_FILE = YES;
				INFOPLIST_FILE = discountapp/Info.plist;
				INFOPLIST_KEY_UIApplicationSupportsIndirectInputEvents = YES;
				INFOPLIST_KEY_UILaunchStoryboardName = LaunchScreen;
				INFOPLIST_KEY_UIMainStoryboardFile = Main;
				INFOPLIST_KEY_UISupportedInterfaceOrientations_iPad = "UIInterfaceOrientationPortrait UIInterfaceOrientationPortraitUpsideDown UIInterfaceOrientationLandscapeLeft UIInterfaceOrientationLandscapeRight";
				INFOPLIST_KEY_UISupportedInterfaceOrientations_iPhone = "UIInterfaceOrientationPortrait UIInterfaceOrientationLandscapeLeft UIInterfaceOrientationLandscapeRight";
				IPHONEOS_DEPLOYMENT_TARGET = 15.0;
				LD_RUNPATH_SEARCH_PATHS = (
					"$(inherited)",
					"@executable_path/Frameworks",
				);
				MARKETING_VERSION = 1.0;
				PRODUCT_BUNDLE_IDENTIFIER = nwmissouri.edu.discountapp;
				PRODUCT_NAME = "$(TARGET_NAME)";
				SWIFT_EMIT_LOC_STRINGS = YES;
				SWIFT_VERSION = 5.0;
				TARGETED_DEVICE_FAMILY = "1,2";
			};
			name = Debug;
		};
		6BA3F58F2ABCC66200962DA6 /* Release */ = {
			isa = XCBuildConfiguration;
			buildSettings = {
				ASSETCATALOG_COMPILER_APPICON_NAME = AppIcon;
				ASSETCATALOG_COMPILER_GLOBAL_ACCENT_COLOR_NAME = AccentColor;
				CODE_SIGN_STYLE = Automatic;
				CURRENT_PROJECT_VERSION = 1;
				GENERATE_INFOPLIST_FILE = YES;
				INFOPLIST_FILE = discountapp/Info.plist;
				INFOPLIST_KEY_UIApplicationSupportsIndirectInputEvents = YES;
				INFOPLIST_KEY_UILaunchStoryboardName = LaunchScreen;
				INFOPLIST_KEY_UIMainStoryboardFile = Main;
				INFOPLIST_KEY_UISupportedInterfaceOrientations_iPad = "UIInterfaceOrientationPortrait UIInterfaceOrientationPortraitUpsideDown UIInterfaceOrientationLandscapeLeft UIInterfaceOrientationLandscapeRight";
				INFOPLIST_KEY_UISupportedInterfaceOrientations_iPhone = "UIInterfaceOrientationPortrait UIInterfaceOrientationLandscapeLeft UIInterfaceOrientationLandscapeRight";
				IPHONEOS_DEPLOYMENT_TARGET = 15.0;
				LD_RUNPATH_SEARCH_PATHS = (
					"$(inherited)",
					"@executable_path/Frameworks",
				);
				MARKETING_VERSION = 1.0;
				PRODUCT_BUNDLE_IDENTIFIER = nwmissouri.edu.discountapp;
				PRODUCT_NAME = "$(TARGET_NAME)";
				SWIFT_EMIT_LOC_STRINGS = YES;
				SWIFT_VERSION = 5.0;
				TARGETED_DEVICE_FAMILY = "1,2";
			};
			name = Release;
		};
		6BA3F5912ABCC66200962DA6 /* Debug */ = {
			isa = XCBuildConfiguration;
			buildSettings = {
				ALWAYS_EMBED_SWIFT_STANDARD_LIBRARIES = YES;
				BUNDLE_LOADER = "$(TEST_HOST)";
				CODE_SIGN_STYLE = Automatic;
				CURRENT_PROJECT_VERSION = 1;
				GENERATE_INFOPLIST_FILE = YES;
				IPHONEOS_DEPLOYMENT_TARGET = 16.4;
				MARKETING_VERSION = 1.0;
				PRODUCT_BUNDLE_IDENTIFIER = nwmissouri.edu.discountappTests;
				PRODUCT_NAME = "$(TARGET_NAME)";
				SWIFT_EMIT_LOC_STRINGS = NO;
				SWIFT_VERSION = 5.0;
				TARGETED_DEVICE_FAMILY = "1,2";
				TEST_HOST = "$(BUILT_PRODUCTS_DIR)/discountapp.app/$(BUNDLE_EXECUTABLE_FOLDER_PATH)/discountapp";
			};
			name = Debug;
		};
		6BA3F5922ABCC66200962DA6 /* Release */ = {
			isa = XCBuildConfiguration;
			buildSettings = {
				ALWAYS_EMBED_SWIFT_STANDARD_LIBRARIES = YES;
				BUNDLE_LOADER = "$(TEST_HOST)";
				CODE_SIGN_STYLE = Automatic;
				CURRENT_PROJECT_VERSION = 1;
				GENERATE_INFOPLIST_FILE = YES;
				IPHONEOS_DEPLOYMENT_TARGET = 16.4;
				MARKETING_VERSION = 1.0;
				PRODUCT_BUNDLE_IDENTIFIER = nwmissouri.edu.discountappTests;
				PRODUCT_NAME = "$(TARGET_NAME)";
				SWIFT_EMIT_LOC_STRINGS = NO;
				SWIFT_VERSION = 5.0;
				TARGETED_DEVICE_FAMILY = "1,2";
				TEST_HOST = "$(BUILT_PRODUCTS_DIR)/discountapp.app/$(BUNDLE_EXECUTABLE_FOLDER_PATH)/discountapp";
			};
			name = Release;
		};
		6BA3F5942ABCC66200962DA6 /* Debug */ = {
			isa = XCBuildConfiguration;
			buildSettings = {
				ALWAYS_EMBED_SWIFT_STANDARD_LIBRARIES = YES;
				CODE_SIGN_STYLE = Automatic;
				CURRENT_PROJECT_VERSION = 1;
				GENERATE_INFOPLIST_FILE = YES;
				MARKETING_VERSION = 1.0;
				PRODUCT_BUNDLE_IDENTIFIER = nwmissouri.edu.discountappUITests;
				PRODUCT_NAME = "$(TARGET_NAME)";
				SWIFT_EMIT_LOC_STRINGS = NO;
				SWIFT_VERSION = 5.0;
				TARGETED_DEVICE_FAMILY = "1,2";
				TEST_TARGET_NAME = discountapp;
			};
			name = Debug;
		};
		6BA3F5952ABCC66200962DA6 /* Release */ = {
			isa = XCBuildConfiguration;
			buildSettings = {
				ALWAYS_EMBED_SWIFT_STANDARD_LIBRARIES = YES;
				CODE_SIGN_STYLE = Automatic;
				CURRENT_PROJECT_VERSION = 1;
				GENERATE_INFOPLIST_FILE = YES;
				MARKETING_VERSION = 1.0;
				PRODUCT_BUNDLE_IDENTIFIER = nwmissouri.edu.discountappUITests;
				PRODUCT_NAME = "$(TARGET_NAME)";
				SWIFT_EMIT_LOC_STRINGS = NO;
				SWIFT_VERSION = 5.0;
				TARGETED_DEVICE_FAMILY = "1,2";
				TEST_TARGET_NAME = discountapp;
			};
			name = Release;
		};
/* End XCBuildConfiguration section */

/* Begin XCConfigurationList section */
		6BA3F55E2ABCC66100962DA6 /* Build configuration list for PBXProject "discountapp" */ = {
			isa = XCConfigurationList;
			buildConfigurations = (
				6BA3F58B2ABCC66200962DA6 /* Debug */,
				6BA3F58C2ABCC66200962DA6 /* Release */,
			);
			defaultConfigurationIsVisible = 0;
			defaultConfigurationName = Release;
		};
		6BA3F58D2ABCC66200962DA6 /* Build configuration list for PBXNativeTarget "discountapp" */ = {
			isa = XCConfigurationList;
			buildConfigurations = (
				6BA3F58E2ABCC66200962DA6 /* Debug */,
				6BA3F58F2ABCC66200962DA6 /* Release */,
			);
			defaultConfigurationIsVisible = 0;
			defaultConfigurationName = Release;
		};
		6BA3F5902ABCC66200962DA6 /* Build configuration list for PBXNativeTarget "discountappTests" */ = {
			isa = XCConfigurationList;
			buildConfigurations = (
				6BA3F5912ABCC66200962DA6 /* Debug */,
				6BA3F5922ABCC66200962DA6 /* Release */,
			);
			defaultConfigurationIsVisible = 0;
			defaultConfigurationName = Release;
		};
		6BA3F5932ABCC66200962DA6 /* Build configuration list for PBXNativeTarget "discountappUITests" */ = {
			isa = XCConfigurationList;
			buildConfigurations = (
				6BA3F5942ABCC66200962DA6 /* Debug */,
				6BA3F5952ABCC66200962DA6 /* Release */,
			);
			defaultConfigurationIsVisible = 0;
			defaultConfigurationName = Release;
		};
/* End XCConfigurationList section */
	};
	rootObject = 6BA3F55B2ABCC66100962DA6 /* Project object */;
}
